// !$*UTF8*$!
{
	archiveVersion = 1;
	classes = {
	};
	objectVersion = 56;
	objects = {

/* Begin PBXBuildFile section */
		4D26B60C29D9968200A61F33 /* TodoListApp.swift in Sources */ = {isa = PBXBuildFile; fileRef = 4D26B60B29D9968200A61F33 /* TodoListApp.swift */; };
		4D26B61029D9968400A61F33 /* Assets.xcassets in Resources */ = {isa = PBXBuildFile; fileRef = 4D26B60F29D9968400A61F33 /* Assets.xcassets */; };
		4D26B61329D9968400A61F33 /* Preview Assets.xcassets in Resources */ = {isa = PBXBuildFile; fileRef = 4D26B61229D9968400A61F33 /* Preview Assets.xcassets */; };
		4D26B61A29D99D8F00A61F33 /* GoogleService-Info.plist in Resources */ = {isa = PBXBuildFile; fileRef = 4D26B61929D99D8E00A61F33 /* GoogleService-Info.plist */; };
		4D26B62A29DB0A1000A61F33 /* LoginView.swift in Sources */ = {isa = PBXBuildFile; fileRef = 4D26B62929DB0A1000A61F33 /* LoginView.swift */; };
		4D26B62C29DB0B7300A61F33 /* UniversalButton.swift in Sources */ = {isa = PBXBuildFile; fileRef = 4D26B62B29DB0B7300A61F33 /* UniversalButton.swift */; };
		4D26B62F29DB0BCA00A61F33 /* SimpleAction.swift in Sources */ = {isa = PBXBuildFile; fileRef = 4D26B62E29DB0BCA00A61F33 /* SimpleAction.swift */; };
		4D26B63129DB11F100A61F33 /* LoginState.swift in Sources */ = {isa = PBXBuildFile; fileRef = 4D26B63029DB11F100A61F33 /* LoginState.swift */; };
		4D26B63329DB121800A61F33 /* LoginViewModel.swift in Sources */ = {isa = PBXBuildFile; fileRef = 4D26B63229DB121800A61F33 /* LoginViewModel.swift */; };
		4D4ED43429DEE319006E84AE /* PriorityPicker.swift in Sources */ = {isa = PBXBuildFile; fileRef = 4D4ED43329DEE319006E84AE /* PriorityPicker.swift */; };
		4D59F6BE29DDA66E00196A5B /* Todo.swift in Sources */ = {isa = PBXBuildFile; fileRef = 4D59F6BD29DDA66E00196A5B /* Todo.swift */; };
		4D59F6C029DDA6E900196A5B /* TodoService.swift in Sources */ = {isa = PBXBuildFile; fileRef = 4D59F6BF29DDA6E900196A5B /* TodoService.swift */; };
		4D59F6C229DDDA1700196A5B /* AddButton.swift in Sources */ = {isa = PBXBuildFile; fileRef = 4D59F6C129DDDA1700196A5B /* AddButton.swift */; };
		4D59F6C529DDDB4E00196A5B /* CreateTodoView.swift in Sources */ = {isa = PBXBuildFile; fileRef = 4D59F6C429DDDB4E00196A5B /* CreateTodoView.swift */; };
		4D59F6C729DDDB5700196A5B /* CreateTodoViewModel.swift in Sources */ = {isa = PBXBuildFile; fileRef = 4D59F6C629DDDB5700196A5B /* CreateTodoViewModel.swift */; };
		4D59F6CA29DDE03600196A5B /* UniversalTextField.swift in Sources */ = {isa = PBXBuildFile; fileRef = 4D59F6C929DDE03600196A5B /* UniversalTextField.swift */; };
		4DB55A7E29DC301500F72388 /* HomeView.swift in Sources */ = {isa = PBXBuildFile; fileRef = 4DB55A7D29DC301500F72388 /* HomeView.swift */; };
		4DB55A8129DC307100F72388 /* AuthService.swift in Sources */ = {isa = PBXBuildFile; fileRef = 4DB55A8029DC307100F72388 /* AuthService.swift */; };
		4DB55A8E29DC7ABD00F72388 /* AppView.swift in Sources */ = {isa = PBXBuildFile; fileRef = 4DB55A8D29DC7ABD00F72388 /* AppView.swift */; };
		4DB55A9029DC7AC400F72388 /* AppState.swift in Sources */ = {isa = PBXBuildFile; fileRef = 4DB55A8F29DC7AC400F72388 /* AppState.swift */; };
		4DB55A9229DC7ACE00F72388 /* AppViewModel.swift in Sources */ = {isa = PBXBuildFile; fileRef = 4DB55A9129DC7ACE00F72388 /* AppViewModel.swift */; };
		4DB55A9529DC7CD000F72388 /* NotificationNameExtension.swift in Sources */ = {isa = PBXBuildFile; fileRef = 4DB55A9429DC7CD000F72388 /* NotificationNameExtension.swift */; };
		4DB55A9729DC7EED00F72388 /* LoadingView.swift in Sources */ = {isa = PBXBuildFile; fileRef = 4DB55A9629DC7EED00F72388 /* LoadingView.swift */; };
		4DB55A9929DC8BDE00F72388 /* HomeViewModel.swift in Sources */ = {isa = PBXBuildFile; fileRef = 4DB55A9829DC8BDE00F72388 /* HomeViewModel.swift */; };
		4DB55A9C29DC916800F72388 /* ProfileView.swift in Sources */ = {isa = PBXBuildFile; fileRef = 4DB55A9B29DC916800F72388 /* ProfileView.swift */; };
		4DB55A9E29DC917400F72388 /* ProfileViewModel.swift in Sources */ = {isa = PBXBuildFile; fileRef = 4DB55A9D29DC917400F72388 /* ProfileViewModel.swift */; };
		62D93A5187340A0520AF497C /* Pods_TodoList.framework in Frameworks */ = {isa = PBXBuildFile; fileRef = B27F023932EC51741F6DCCE6 /* Pods_TodoList.framework */; };
/* End PBXBuildFile section */

/* Begin PBXFileReference section */
		297D013799D7B1ECFF43D127 /* Pods-TodoList.debug.xcconfig */ = {isa = PBXFileReference; includeInIndex = 1; lastKnownFileType = text.xcconfig; name = "Pods-TodoList.debug.xcconfig"; path = "Target Support Files/Pods-TodoList/Pods-TodoList.debug.xcconfig"; sourceTree = "<group>"; };
		37E3701B3E2704C645CBFEE0 /* Pods-TodoList.release.xcconfig */ = {isa = PBXFileReference; includeInIndex = 1; lastKnownFileType = text.xcconfig; name = "Pods-TodoList.release.xcconfig"; path = "Target Support Files/Pods-TodoList/Pods-TodoList.release.xcconfig"; sourceTree = "<group>"; };
		4D26B60829D9968200A61F33 /* TodoList.app */ = {isa = PBXFileReference; explicitFileType = wrapper.application; includeInIndex = 0; path = TodoList.app; sourceTree = BUILT_PRODUCTS_DIR; };
		4D26B60B29D9968200A61F33 /* TodoListApp.swift */ = {isa = PBXFileReference; lastKnownFileType = sourcecode.swift; path = TodoListApp.swift; sourceTree = "<group>"; };
		4D26B60F29D9968400A61F33 /* Assets.xcassets */ = {isa = PBXFileReference; lastKnownFileType = folder.assetcatalog; path = Assets.xcassets; sourceTree = "<group>"; };
		4D26B61229D9968400A61F33 /* Preview Assets.xcassets */ = {isa = PBXFileReference; lastKnownFileType = folder.assetcatalog; path = "Preview Assets.xcassets"; sourceTree = "<group>"; };
		4D26B61929D99D8E00A61F33 /* GoogleService-Info.plist */ = {isa = PBXFileReference; fileEncoding = 4; lastKnownFileType = text.plist.xml; path = "GoogleService-Info.plist"; sourceTree = "<group>"; };
		4D26B62929DB0A1000A61F33 /* LoginView.swift */ = {isa = PBXFileReference; lastKnownFileType = sourcecode.swift; path = LoginView.swift; sourceTree = "<group>"; };
		4D26B62B29DB0B7300A61F33 /* UniversalButton.swift */ = {isa = PBXFileReference; lastKnownFileType = sourcecode.swift; path = UniversalButton.swift; sourceTree = "<group>"; };
		4D26B62E29DB0BCA00A61F33 /* SimpleAction.swift */ = {isa = PBXFileReference; lastKnownFileType = sourcecode.swift; path = SimpleAction.swift; sourceTree = "<group>"; };
		4D26B63029DB11F100A61F33 /* LoginState.swift */ = {isa = PBXFileReference; lastKnownFileType = sourcecode.swift; path = LoginState.swift; sourceTree = "<group>"; };
		4D26B63229DB121800A61F33 /* LoginViewModel.swift */ = {isa = PBXFileReference; lastKnownFileType = sourcecode.swift; path = LoginViewModel.swift; sourceTree = "<group>"; };
		4D4ED43329DEE319006E84AE /* PriorityPicker.swift */ = {isa = PBXFileReference; lastKnownFileType = sourcecode.swift; path = PriorityPicker.swift; sourceTree = "<group>"; };
		4D59F6BD29DDA66E00196A5B /* Todo.swift */ = {isa = PBXFileReference; lastKnownFileType = sourcecode.swift; path = Todo.swift; sourceTree = "<group>"; };
		4D59F6BF29DDA6E900196A5B /* TodoService.swift */ = {isa = PBXFileReference; lastKnownFileType = sourcecode.swift; path = TodoService.swift; sourceTree = "<group>"; };
		4D59F6C129DDDA1700196A5B /* AddButton.swift */ = {isa = PBXFileReference; lastKnownFileType = sourcecode.swift; path = AddButton.swift; sourceTree = "<group>"; };
		4D59F6C429DDDB4E00196A5B /* CreateTodoView.swift */ = {isa = PBXFileReference; lastKnownFileType = sourcecode.swift; path = CreateTodoView.swift; sourceTree = "<group>"; };
		4D59F6C629DDDB5700196A5B /* CreateTodoViewModel.swift */ = {isa = PBXFileReference; lastKnownFileType = sourcecode.swift; path = CreateTodoViewModel.swift; sourceTree = "<group>"; };
		4D59F6C929DDE03600196A5B /* UniversalTextField.swift */ = {isa = PBXFileReference; lastKnownFileType = sourcecode.swift; path = UniversalTextField.swift; sourceTree = "<group>"; };
		4DB55A7D29DC301500F72388 /* HomeView.swift */ = {isa = PBXFileReference; lastKnownFileType = sourcecode.swift; path = HomeView.swift; sourceTree = "<group>"; };
		4DB55A8029DC307100F72388 /* AuthService.swift */ = {isa = PBXFileReference; lastKnownFileType = sourcecode.swift; path = AuthService.swift; sourceTree = "<group>"; };
		4DB55A8B29DC43FF00F72388 /* Info.plist */ = {isa = PBXFileReference; lastKnownFileType = text.plist.xml; path = Info.plist; sourceTree = "<group>"; };
		4DB55A8D29DC7ABD00F72388 /* AppView.swift */ = {isa = PBXFileReference; lastKnownFileType = sourcecode.swift; path = AppView.swift; sourceTree = "<group>"; };
		4DB55A8F29DC7AC400F72388 /* AppState.swift */ = {isa = PBXFileReference; lastKnownFileType = sourcecode.swift; path = AppState.swift; sourceTree = "<group>"; };
		4DB55A9129DC7ACE00F72388 /* AppViewModel.swift */ = {isa = PBXFileReference; lastKnownFileType = sourcecode.swift; path = AppViewModel.swift; sourceTree = "<group>"; };
		4DB55A9429DC7CD000F72388 /* NotificationNameExtension.swift */ = {isa = PBXFileReference; lastKnownFileType = sourcecode.swift; path = NotificationNameExtension.swift; sourceTree = "<group>"; };
		4DB55A9629DC7EED00F72388 /* LoadingView.swift */ = {isa = PBXFileReference; lastKnownFileType = sourcecode.swift; path = LoadingView.swift; sourceTree = "<group>"; };
		4DB55A9829DC8BDE00F72388 /* HomeViewModel.swift */ = {isa = PBXFileReference; lastKnownFileType = sourcecode.swift; path = HomeViewModel.swift; sourceTree = "<group>"; };
		4DB55A9B29DC916800F72388 /* ProfileView.swift */ = {isa = PBXFileReference; lastKnownFileType = sourcecode.swift; path = ProfileView.swift; sourceTree = "<group>"; };
		4DB55A9D29DC917400F72388 /* ProfileViewModel.swift */ = {isa = PBXFileReference; lastKnownFileType = sourcecode.swift; path = ProfileViewModel.swift; sourceTree = "<group>"; };
		B27F023932EC51741F6DCCE6 /* Pods_TodoList.framework */ = {isa = PBXFileReference; explicitFileType = wrapper.framework; includeInIndex = 0; path = Pods_TodoList.framework; sourceTree = BUILT_PRODUCTS_DIR; };
/* End PBXFileReference section */

/* Begin PBXFrameworksBuildPhase section */
		4D26B60529D9968200A61F33 /* Frameworks */ = {
			isa = PBXFrameworksBuildPhase;
			buildActionMask = 2147483647;
			files = (
				62D93A5187340A0520AF497C /* Pods_TodoList.framework in Frameworks */,
			);
			runOnlyForDeploymentPostprocessing = 0;
		};
/* End PBXFrameworksBuildPhase section */

/* Begin PBXGroup section */
		4D26B5FF29D9968200A61F33 = {
			isa = PBXGroup;
			children = (
				4DB07C97E020A8CB62642EC3 /* Frameworks */,
				95120A2B1AACE34D81F5EE97 /* Pods */,
				4D26B60929D9968200A61F33 /* Products */,
				4D26B60A29D9968200A61F33 /* TodoList */,
			);
			sourceTree = "<group>";
		};
		4D26B60929D9968200A61F33 /* Products */ = {
			isa = PBXGroup;
			children = (
				4D26B60829D9968200A61F33 /* TodoList.app */,
			);
			name = Products;
			sourceTree = "<group>";
		};
		4D26B60A29D9968200A61F33 /* TodoList */ = {
			isa = PBXGroup;
			children = (
				4DB55A9329DC7CA600F72388 /* Extensions */,
				4D26B62D29DB0BBB00A61F33 /* Helpers */,
				4D26B62829DB09F100A61F33 /* Domain */,
				4D26B62729DB09E700A61F33 /* Model */,
				4D26B62429DB096A00A61F33 /* Presentation */,
				4D26B60B29D9968200A61F33 /* TodoListApp.swift */,
				4D26B60F29D9968400A61F33 /* Assets.xcassets */,
				4DB55A8B29DC43FF00F72388 /* Info.plist */,
				4D26B61929D99D8E00A61F33 /* GoogleService-Info.plist */,
				4D26B61129D9968400A61F33 /* Preview Content */,
			);
			path = TodoList;
			sourceTree = "<group>";
		};
		4D26B61129D9968400A61F33 /* Preview Content */ = {
			isa = PBXGroup;
			children = (
				4D26B61229D9968400A61F33 /* Preview Assets.xcassets */,
			);
			path = "Preview Content";
			sourceTree = "<group>";
		};
		4D26B62429DB096A00A61F33 /* Presentation */ = {
			isa = PBXGroup;
			children = (
				4D26B62629DB099200A61F33 /* Shared */,
				4D26B62529DB098A00A61F33 /* Pages */,
			);
			path = Presentation;
			sourceTree = "<group>";
		};
		4D26B62529DB098A00A61F33 /* Pages */ = {
			isa = PBXGroup;
			children = (
				4D59F6C329DDDB4200196A5B /* CreateTodo */,
				4DB55A9A29DC915700F72388 /* Profile */,
				4DB55A8C29DC4A2A00F72388 /* App */,
				4DB55A7C29DC300800F72388 /* Home */,
				4DB55A7B29DC2FEE00F72388 /* Login */,
			);
			path = Pages;
			sourceTree = "<group>";
		};
		4D26B62629DB099200A61F33 /* Shared */ = {
			isa = PBXGroup;
			children = (
				4DB55A9629DC7EED00F72388 /* LoadingView.swift */,
				4D26B62B29DB0B7300A61F33 /* UniversalButton.swift */,
				4D59F6C929DDE03600196A5B /* UniversalTextField.swift */,
				4D4ED43329DEE319006E84AE /* PriorityPicker.swift */,
			);
			path = Shared;
			sourceTree = "<group>";
		};
		4D26B62729DB09E700A61F33 /* Model */ = {
			isa = PBXGroup;
			children = (
				4D59F6BD29DDA66E00196A5B /* Todo.swift */,
			);
			path = Model;
			sourceTree = "<group>";
		};
		4D26B62829DB09F100A61F33 /* Domain */ = {
			isa = PBXGroup;
			children = (
				4D59F6BC29DDA50A00196A5B /* Todo */,
				4DB55A7F29DC306200F72388 /* Auth */,
			);
			path = Domain;
			sourceTree = "<group>";
		};
		4D26B62D29DB0BBB00A61F33 /* Helpers */ = {
			isa = PBXGroup;
			children = (
				4D26B62E29DB0BCA00A61F33 /* SimpleAction.swift */,
			);
			path = Helpers;
			sourceTree = "<group>";
		};
		4D59F6BC29DDA50A00196A5B /* Todo */ = {
			isa = PBXGroup;
			children = (
				4D59F6BF29DDA6E900196A5B /* TodoService.swift */,
			);
			path = Todo;
			sourceTree = "<group>";
		};
		4D59F6C329DDDB4200196A5B /* CreateTodo */ = {
			isa = PBXGroup;
			children = (
				4D59F6C429DDDB4E00196A5B /* CreateTodoView.swift */,
				4D59F6C629DDDB5700196A5B /* CreateTodoViewModel.swift */,
			);
			path = CreateTodo;
			sourceTree = "<group>";
		};
		4D59F6C829DDDD5400196A5B /* View */ = {
			isa = PBXGroup;
			children = (
				4D59F6C129DDDA1700196A5B /* AddButton.swift */,
			);
			path = View;
			sourceTree = "<group>";
		};
		4DB07C97E020A8CB62642EC3 /* Frameworks */ = {
			isa = PBXGroup;
			children = (
				B27F023932EC51741F6DCCE6 /* Pods_TodoList.framework */,
			);
			name = Frameworks;
			sourceTree = "<group>";
		};
		4DB55A7B29DC2FEE00F72388 /* Login */ = {
			isa = PBXGroup;
			children = (
				4D26B63229DB121800A61F33 /* LoginViewModel.swift */,
				4D26B63029DB11F100A61F33 /* LoginState.swift */,
				4D26B62929DB0A1000A61F33 /* LoginView.swift */,
			);
			path = Login;
			sourceTree = "<group>";
		};
		4DB55A7C29DC300800F72388 /* Home */ = {
			isa = PBXGroup;
			children = (
				4D59F6C829DDDD5400196A5B /* View */,
				4DB55A7D29DC301500F72388 /* HomeView.swift */,
				4DB55A9829DC8BDE00F72388 /* HomeViewModel.swift */,
			);
			path = Home;
			sourceTree = "<group>";
		};
		4DB55A7F29DC306200F72388 /* Auth */ = {
			isa = PBXGroup;
			children = (
				4DB55A8029DC307100F72388 /* AuthService.swift */,
			);
			path = Auth;
			sourceTree = "<group>";
		};
		4DB55A8C29DC4A2A00F72388 /* App */ = {
			isa = PBXGroup;
			children = (
				4DB55A8D29DC7ABD00F72388 /* AppView.swift */,
				4DB55A8F29DC7AC400F72388 /* AppState.swift */,
				4DB55A9129DC7ACE00F72388 /* AppViewModel.swift */,
			);
			path = App;
			sourceTree = "<group>";
		};
		4DB55A9329DC7CA600F72388 /* Extensions */ = {
			isa = PBXGroup;
			children = (
				4DB55A9429DC7CD000F72388 /* NotificationNameExtension.swift */,
			);
			path = Extensions;
			sourceTree = "<group>";
		};
		4DB55A9A29DC915700F72388 /* Profile */ = {
			isa = PBXGroup;
			children = (
				4DB55A9B29DC916800F72388 /* ProfileView.swift */,
				4DB55A9D29DC917400F72388 /* ProfileViewModel.swift */,
			);
			path = Profile;
			sourceTree = "<group>";
		};
		95120A2B1AACE34D81F5EE97 /* Pods */ = {
			isa = PBXGroup;
			children = (
				297D013799D7B1ECFF43D127 /* Pods-TodoList.debug.xcconfig */,
				37E3701B3E2704C645CBFEE0 /* Pods-TodoList.release.xcconfig */,
			);
			path = Pods;
			sourceTree = "<group>";
		};
/* End PBXGroup section */

/* Begin PBXNativeTarget section */
		4D26B60729D9968200A61F33 /* TodoList */ = {
			isa = PBXNativeTarget;
			buildConfigurationList = 4D26B61629D9968400A61F33 /* Build configuration list for PBXNativeTarget "TodoList" */;
			buildPhases = (
				8B3E394506EE63742E0D742F /* [CP] Check Pods Manifest.lock */,
				4D26B60429D9968200A61F33 /* Sources */,
				4D26B60529D9968200A61F33 /* Frameworks */,
				4D26B60629D9968200A61F33 /* Resources */,
				5A0E52A8EC7AEF50EF79E90B /* [CP] Embed Pods Frameworks */,
			);
			buildRules = (
			);
			dependencies = (
			);
			name = TodoList;
			productName = TodoList;
			productReference = 4D26B60829D9968200A61F33 /* TodoList.app */;
			productType = "com.apple.product-type.application";
		};
/* End PBXNativeTarget section */

/* Begin PBXProject section */
		4D26B60029D9968200A61F33 /* Project object */ = {
			isa = PBXProject;
			attributes = {
				BuildIndependentTargetsInParallel = 1;
				LastSwiftUpdateCheck = 1420;
				LastUpgradeCheck = 1420;
				TargetAttributes = {
					4D26B60729D9968200A61F33 = {
						CreatedOnToolsVersion = 14.2;
					};
				};
			};
			buildConfigurationList = 4D26B60329D9968200A61F33 /* Build configuration list for PBXProject "TodoList" */;
			compatibilityVersion = "Xcode 14.0";
			developmentRegion = en;
			hasScannedForEncodings = 0;
			knownRegions = (
				en,
				Base,
			);
			mainGroup = 4D26B5FF29D9968200A61F33;
			productRefGroup = 4D26B60929D9968200A61F33 /* Products */;
			projectDirPath = "";
			projectRoot = "";
			targets = (
				4D26B60729D9968200A61F33 /* TodoList */,
			);
		};
/* End PBXProject section */

/* Begin PBXResourcesBuildPhase section */
		4D26B60629D9968200A61F33 /* Resources */ = {
			isa = PBXResourcesBuildPhase;
			buildActionMask = 2147483647;
			files = (
				4D26B61329D9968400A61F33 /* Preview Assets.xcassets in Resources */,
				4D26B61029D9968400A61F33 /* Assets.xcassets in Resources */,
				4D26B61A29D99D8F00A61F33 /* GoogleService-Info.plist in Resources */,
			);
			runOnlyForDeploymentPostprocessing = 0;
		};
/* End PBXResourcesBuildPhase section */

/* Begin PBXShellScriptBuildPhase section */
		5A0E52A8EC7AEF50EF79E90B /* [CP] Embed Pods Frameworks */ = {
			isa = PBXShellScriptBuildPhase;
			buildActionMask = 2147483647;
			files = (
			);
			inputFileListPaths = (
				"${PODS_ROOT}/Target Support Files/Pods-TodoList/Pods-TodoList-frameworks-${CONFIGURATION}-input-files.xcfilelist",
			);
			name = "[CP] Embed Pods Frameworks";
			outputFileListPaths = (
				"${PODS_ROOT}/Target Support Files/Pods-TodoList/Pods-TodoList-frameworks-${CONFIGURATION}-output-files.xcfilelist",
			);
			runOnlyForDeploymentPostprocessing = 0;
			shellPath = /bin/sh;
			shellScript = "\"${PODS_ROOT}/Target Support Files/Pods-TodoList/Pods-TodoList-frameworks.sh\"\n";
			showEnvVarsInLog = 0;
		};
		8B3E394506EE63742E0D742F /* [CP] Check Pods Manifest.lock */ = {
			isa = PBXShellScriptBuildPhase;
			buildActionMask = 2147483647;
			files = (
			);
			inputFileListPaths = (
			);
			inputPaths = (
				"${PODS_PODFILE_DIR_PATH}/Podfile.lock",
				"${PODS_ROOT}/Manifest.lock",
			);
			name = "[CP] Check Pods Manifest.lock";
			outputFileListPaths = (
			);
			outputPaths = (
				"$(DERIVED_FILE_DIR)/Pods-TodoList-checkManifestLockResult.txt",
			);
			runOnlyForDeploymentPostprocessing = 0;
			shellPath = /bin/sh;
			shellScript = "diff \"${PODS_PODFILE_DIR_PATH}/Podfile.lock\" \"${PODS_ROOT}/Manifest.lock\" > /dev/null\nif [ $? != 0 ] ; then\n    # print error to STDERR\n    echo \"error: The sandbox is not in sync with the Podfile.lock. Run 'pod install' or update your CocoaPods installation.\" >&2\n    exit 1\nfi\n# This output is used by Xcode 'outputs' to avoid re-running this script phase.\necho \"SUCCESS\" > \"${SCRIPT_OUTPUT_FILE_0}\"\n";
			showEnvVarsInLog = 0;
		};
/* End PBXShellScriptBuildPhase section */

/* Begin PBXSourcesBuildPhase section */
		4D26B60429D9968200A61F33 /* Sources */ = {
			isa = PBXSourcesBuildPhase;
			buildActionMask = 2147483647;
			files = (
				4DB55A8E29DC7ABD00F72388 /* AppView.swift in Sources */,
				4DB55A9029DC7AC400F72388 /* AppState.swift in Sources */,
				4D26B62C29DB0B7300A61F33 /* UniversalButton.swift in Sources */,
				4DB55A9529DC7CD000F72388 /* NotificationNameExtension.swift in Sources */,
				4D26B62A29DB0A1000A61F33 /* LoginView.swift in Sources */,
				4DB55A8129DC307100F72388 /* AuthService.swift in Sources */,
				4D59F6C729DDDB5700196A5B /* CreateTodoViewModel.swift in Sources */,
				4DB55A9729DC7EED00F72388 /* LoadingView.swift in Sources */,
				4DB55A9C29DC916800F72388 /* ProfileView.swift in Sources */,
				4D59F6C529DDDB4E00196A5B /* CreateTodoView.swift in Sources */,
				4D26B62F29DB0BCA00A61F33 /* SimpleAction.swift in Sources */,
				4D59F6C029DDA6E900196A5B /* TodoService.swift in Sources */,
				4D26B63129DB11F100A61F33 /* LoginState.swift in Sources */,
				4DB55A9929DC8BDE00F72388 /* HomeViewModel.swift in Sources */,
				4D26B63329DB121800A61F33 /* LoginViewModel.swift in Sources */,
				4DB55A9229DC7ACE00F72388 /* AppViewModel.swift in Sources */,
				4D4ED43429DEE319006E84AE /* PriorityPicker.swift in Sources */,
				4D26B60C29D9968200A61F33 /* TodoListApp.swift in Sources */,
				4DB55A9E29DC917400F72388 /* ProfileViewModel.swift in Sources */,
				4D59F6BE29DDA66E00196A5B /* Todo.swift in Sources */,
				4D59F6CA29DDE03600196A5B /* UniversalTextField.swift in Sources */,
				4DB55A7E29DC301500F72388 /* HomeView.swift in Sources */,
				4D59F6C229DDDA1700196A5B /* AddButton.swift in Sources */,
			);
			runOnlyForDeploymentPostprocessing = 0;
		};
/* End PBXSourcesBuildPhase section */

/* Begin XCBuildConfiguration section */
		4D26B61429D9968400A61F33 /* Debug */ = {
			isa = XCBuildConfiguration;
			buildSettings = {
				ALWAYS_SEARCH_USER_PATHS = NO;
				CLANG_ANALYZER_NONNULL = YES;
				CLANG_ANALYZER_NUMBER_OBJECT_CONVERSION = YES_AGGRESSIVE;
				CLANG_CXX_LANGUAGE_STANDARD = "gnu++20";
				CLANG_ENABLE_MODULES = YES;
				CLANG_ENABLE_OBJC_ARC = YES;
				CLANG_ENABLE_OBJC_WEAK = YES;
				CLANG_WARN_BLOCK_CAPTURE_AUTORELEASING = YES;
				CLANG_WARN_BOOL_CONVERSION = YES;
				CLANG_WARN_COMMA = YES;
				CLANG_WARN_CONSTANT_CONVERSION = YES;
				CLANG_WARN_DEPRECATED_OBJC_IMPLEMENTATIONS = YES;
				CLANG_WARN_DIRECT_OBJC_ISA_USAGE = YES_ERROR;
				CLANG_WARN_DOCUMENTATION_COMMENTS = YES;
				CLANG_WARN_EMPTY_BODY = YES;
				CLANG_WARN_ENUM_CONVERSION = YES;
				CLANG_WARN_INFINITE_RECURSION = YES;
				CLANG_WARN_INT_CONVERSION = YES;
				CLANG_WARN_NON_LITERAL_NULL_CONVERSION = YES;
				CLANG_WARN_OBJC_IMPLICIT_RETAIN_SELF = YES;
				CLANG_WARN_OBJC_LITERAL_CONVERSION = YES;
				CLANG_WARN_OBJC_ROOT_CLASS = YES_ERROR;
				CLANG_WARN_QUOTED_INCLUDE_IN_FRAMEWORK_HEADER = YES;
				CLANG_WARN_RANGE_LOOP_ANALYSIS = YES;
				CLANG_WARN_STRICT_PROTOTYPES = YES;
				CLANG_WARN_SUSPICIOUS_MOVE = YES;
				CLANG_WARN_UNGUARDED_AVAILABILITY = YES_AGGRESSIVE;
				CLANG_WARN_UNREACHABLE_CODE = YES;
				CLANG_WARN__DUPLICATE_METHOD_MATCH = YES;
				COPY_PHASE_STRIP = NO;
				DEBUG_INFORMATION_FORMAT = dwarf;
				ENABLE_STRICT_OBJC_MSGSEND = YES;
				ENABLE_TESTABILITY = YES;
				GCC_C_LANGUAGE_STANDARD = gnu11;
				GCC_DYNAMIC_NO_PIC = NO;
				GCC_NO_COMMON_BLOCKS = YES;
				GCC_OPTIMIZATION_LEVEL = 0;
				GCC_PREPROCESSOR_DEFINITIONS = (
					"DEBUG=1",
					"$(inherited)",
				);
				GCC_WARN_64_TO_32_BIT_CONVERSION = YES;
				GCC_WARN_ABOUT_RETURN_TYPE = YES_ERROR;
				GCC_WARN_UNDECLARED_SELECTOR = YES;
				GCC_WARN_UNINITIALIZED_AUTOS = YES_AGGRESSIVE;
				GCC_WARN_UNUSED_FUNCTION = YES;
				GCC_WARN_UNUSED_VARIABLE = YES;
				IPHONEOS_DEPLOYMENT_TARGET = 16.2;
				MTL_ENABLE_DEBUG_INFO = INCLUDE_SOURCE;
				MTL_FAST_MATH = YES;
				ONLY_ACTIVE_ARCH = YES;
				SDKROOT = iphoneos;
				SWIFT_ACTIVE_COMPILATION_CONDITIONS = DEBUG;
				SWIFT_OPTIMIZATION_LEVEL = "-Onone";
			};
			name = Debug;
		};
		4D26B61529D9968400A61F33 /* Release */ = {
			isa = XCBuildConfiguration;
			buildSettings = {
				ALWAYS_SEARCH_USER_PATHS = NO;
				CLANG_ANALYZER_NONNULL = YES;
				CLANG_ANALYZER_NUMBER_OBJECT_CONVERSION = YES_AGGRESSIVE;
				CLANG_CXX_LANGUAGE_STANDARD = "gnu++20";
				CLANG_ENABLE_MODULES = YES;
				CLANG_ENABLE_OBJC_ARC = YES;
				CLANG_ENABLE_OBJC_WEAK = YES;
				CLANG_WARN_BLOCK_CAPTURE_AUTORELEASING = YES;
				CLANG_WARN_BOOL_CONVERSION = YES;
				CLANG_WARN_COMMA = YES;
				CLANG_WARN_CONSTANT_CONVERSION = YES;
				CLANG_WARN_DEPRECATED_OBJC_IMPLEMENTATIONS = YES;
				CLANG_WARN_DIRECT_OBJC_ISA_USAGE = YES_ERROR;
				CLANG_WARN_DOCUMENTATION_COMMENTS = YES;
				CLANG_WARN_EMPTY_BODY = YES;
				CLANG_WARN_ENUM_CONVERSION = YES;
				CLANG_WARN_INFINITE_RECURSION = YES;
				CLANG_WARN_INT_CONVERSION = YES;
				CLANG_WARN_NON_LITERAL_NULL_CONVERSION = YES;
				CLANG_WARN_OBJC_IMPLICIT_RETAIN_SELF = YES;
				CLANG_WARN_OBJC_LITERAL_CONVERSION = YES;
				CLANG_WARN_OBJC_ROOT_CLASS = YES_ERROR;
				CLANG_WARN_QUOTED_INCLUDE_IN_FRAMEWORK_HEADER = YES;
				CLANG_WARN_RANGE_LOOP_ANALYSIS = YES;
				CLANG_WARN_STRICT_PROTOTYPES = YES;
				CLANG_WARN_SUSPICIOUS_MOVE = YES;
				CLANG_WARN_UNGUARDED_AVAILABILITY = YES_AGGRESSIVE;
				CLANG_WARN_UNREACHABLE_CODE = YES;
				CLANG_WARN__DUPLICATE_METHOD_MATCH = YES;
				COPY_PHASE_STRIP = NO;
				DEBUG_INFORMATION_FORMAT = "dwarf-with-dsym";
				ENABLE_NS_ASSERTIONS = NO;
				ENABLE_STRICT_OBJC_MSGSEND = YES;
				GCC_C_LANGUAGE_STANDARD = gnu11;
				GCC_NO_COMMON_BLOCKS = YES;
				GCC_WARN_64_TO_32_BIT_CONVERSION = YES;
				GCC_WARN_ABOUT_RETURN_TYPE = YES_ERROR;
				GCC_WARN_UNDECLARED_SELECTOR = YES;
				GCC_WARN_UNINITIALIZED_AUTOS = YES_AGGRESSIVE;
				GCC_WARN_UNUSED_FUNCTION = YES;
				GCC_WARN_UNUSED_VARIABLE = YES;
				IPHONEOS_DEPLOYMENT_TARGET = 16.2;
				MTL_ENABLE_DEBUG_INFO = NO;
				MTL_FAST_MATH = YES;
				SDKROOT = iphoneos;
				SWIFT_COMPILATION_MODE = wholemodule;
				SWIFT_OPTIMIZATION_LEVEL = "-O";
				VALIDATE_PRODUCT = YES;
			};
			name = Release;
		};
		4D26B61729D9968400A61F33 /* Debug */ = {
			isa = XCBuildConfiguration;
			baseConfigurationReference = 297D013799D7B1ECFF43D127 /* Pods-TodoList.debug.xcconfig */;
			buildSettings = {
				ASSETCATALOG_COMPILER_APPICON_NAME = AppIcon;
				ASSETCATALOG_COMPILER_GLOBAL_ACCENT_COLOR_NAME = AccentColor;
				CODE_SIGN_STYLE = Automatic;
				CURRENT_PROJECT_VERSION = 1;
				DEVELOPMENT_ASSET_PATHS = "\"TodoList/Preview Content\"";
				DEVELOPMENT_TEAM = B78XDNYG5Q;
				ENABLE_PREVIEWS = YES;
				GENERATE_INFOPLIST_FILE = YES;
				INFOPLIST_FILE = TodoList/Info.plist;
				INFOPLIST_KEY_UIApplicationSceneManifest_Generation = YES;
				INFOPLIST_KEY_UIApplicationSupportsIndirectInputEvents = YES;
				INFOPLIST_KEY_UILaunchScreen_Generation = YES;
				INFOPLIST_KEY_UISupportedInterfaceOrientations_iPad = "UIInterfaceOrientationPortrait UIInterfaceOrientationPortraitUpsideDown UIInterfaceOrientationLandscapeLeft UIInterfaceOrientationLandscapeRight";
				INFOPLIST_KEY_UISupportedInterfaceOrientations_iPhone = "UIInterfaceOrientationPortrait UIInterfaceOrientationLandscapeLeft UIInterfaceOrientationLandscapeRight";
				LD_RUNPATH_SEARCH_PATHS = (
					"$(inherited)",
					"@executable_path/Frameworks",
				);
				MARKETING_VERSION = 1.0;
				PRODUCT_BUNDLE_IDENTIFIER = com.example.TodoList;
				PRODUCT_NAME = "$(TARGET_NAME)";
				SWIFT_EMIT_LOC_STRINGS = YES;
				SWIFT_VERSION = 5.0;
				TARGETED_DEVICE_FAMILY = "1,2";
			};
			name = Debug;
		};
		4D26B61829D9968400A61F33 /* Release */ = {
			isa = XCBuildConfiguration;
			baseConfigurationReference = 37E3701B3E2704C645CBFEE0 /* Pods-TodoList.release.xcconfig */;
			buildSettings = {
				ASSETCATALOG_COMPILER_APPICON_NAME = AppIcon;
				ASSETCATALOG_COMPILER_GLOBAL_ACCENT_COLOR_NAME = AccentColor;
				CODE_SIGN_STYLE = Automatic;
				CURRENT_PROJECT_VERSION = 1;
				DEVELOPMENT_ASSET_PATHS = "\"TodoList/Preview Content\"";
				DEVELOPMENT_TEAM = B78XDNYG5Q;
				ENABLE_PREVIEWS = YES;
				GENERATE_INFOPLIST_FILE = YES;
				INFOPLIST_FILE = TodoList/Info.plist;
				INFOPLIST_KEY_UIApplicationSceneManifest_Generation = YES;
				INFOPLIST_KEY_UIApplicationSupportsIndirectInputEvents = YES;
				INFOPLIST_KEY_UILaunchScreen_Generation = YES;
				INFOPLIST_KEY_UISupportedInterfaceOrientations_iPad = "UIInterfaceOrientationPortrait UIInterfaceOrientationPortraitUpsideDown UIInterfaceOrientationLandscapeLeft UIInterfaceOrientationLandscapeRight";
				INFOPLIST_KEY_UISupportedInterfaceOrientations_iPhone = "UIInterfaceOrientationPortrait UIInterfaceOrientationLandscapeLeft UIInterfaceOrientationLandscapeRight";
				LD_RUNPATH_SEARCH_PATHS = (
					"$(inherited)",
					"@executable_path/Frameworks",
				);
				MARKETING_VERSION = 1.0;
				PRODUCT_BUNDLE_IDENTIFIER = com.example.TodoList;
				PRODUCT_NAME = "$(TARGET_NAME)";
				SWIFT_EMIT_LOC_STRINGS = YES;
				SWIFT_VERSION = 5.0;
				TARGETED_DEVICE_FAMILY = "1,2";
			};
			name = Release;
		};
/* End XCBuildConfiguration section */

/* Begin XCConfigurationList section */
		4D26B60329D9968200A61F33 /* Build configuration list for PBXProject "TodoList" */ = {
			isa = XCConfigurationList;
			buildConfigurations = (
				4D26B61429D9968400A61F33 /* Debug */,
				4D26B61529D9968400A61F33 /* Release */,
			);
			defaultConfigurationIsVisible = 0;
			defaultConfigurationName = Release;
		};
		4D26B61629D9968400A61F33 /* Build configuration list for PBXNativeTarget "TodoList" */ = {
			isa = XCConfigurationList;
			buildConfigurations = (
				4D26B61729D9968400A61F33 /* Debug */,
				4D26B61829D9968400A61F33 /* Release */,
			);
			defaultConfigurationIsVisible = 0;
			defaultConfigurationName = Release;
		};
/* End XCConfigurationList section */
	};
	rootObject = 4D26B60029D9968200A61F33 /* Project object */;
}
